{"1.2.0",
[{<<"cowlib">>,{pkg,<<"cowlib">>,<<"2.18.0">>},1},
 {<<"euneus">>,{pkg,<<"euneus">>,<<"2.4.0">>},2},
 {<<"gproc">>,{pkg,<<"gproc">>,<<"1.2.0">>},0},
 {<<"jobs">>,{pkg,<<"jobs">>,<<"0.10.0">>},0},
 {<<"json_polyfill">>,{pkg,<<"json_polyfill">>,<<"0.1.4">>},2},
 {<<"jsxrecord">>,{pkg,<<"jsxrecord">>,<<"2.2.0">>},1},
 {<<"parse_trans">>,{pkg,<<"parse_trans">>,<<"3.4.0">>},1},
 {<<"qdate_localtime">>,{pkg,<<"qdate_localtime">>,<<"1.2.2">>},1},
 {<<"setup">>,{pkg,<<"setup">>,<<"2.1.0">>},1},
 {<<"ssl_verify_fun">>,{pkg,<<"ssl_verify_fun">>,<<"1.1.7">>},1},
 {<<"tls_certificate_check">>,
  {pkg,<<"tls_certificate_check">>,<<"1.33.0">>},
  0},
 {<<"zotonic_stdlib">>,{pkg,<<"zotonic_stdlib">>,<<"1.31.0">>},0}]}.
[
{pkg_hash,[
 {<<"cowlib">>, <<"4A3EF8CB012C21C7CBB7C925F75405E26D7FCD393FD78C46187539DBC9A48310">>},
 {<<"euneus">>, <<"E58178FB3B2C6FE139C863C4B347574E4C599BF1B9530ED3BAE7A10E2C7F870A">>},
 {<<"gproc">>, <<"B06DC2A5AAA78F8902E6C0032F29362EA1C1CDA941216F085A04A76FC0CDF7CC">>},
 {<<"jobs">>, <<"329C024A889249EA8262D0EF70BC7A498B7C96DA95977EBD026B13B069FB0E13">>},
 {<<"json_polyfill">>, <<"ED9AD7A8CBDB8D1F1E59E22CDAE23A153A5BB93B5529AEBAEB189CA4B4C536C8">>},
 {<<"jsxrecord">>, <<"486617130EAC71E5134CAF7CD4661A1850AE74B8BD628BDB586754D70A0FFA94">>},
 {<<"parse_trans">>, <<"BB87AC362A03CA674EBB7D9D498F45C03256ADED7214C9101F7035EF44B798C7">>},
 {<<"qdate_localtime">>, <<"43E1B20102F50A8B2A2BE7042C2F6BE989AD96CA2CC319DB5DF56E122E8873F6">>},
 {<<"setup">>, <<"05F69185A5EB71474C9BC6BA892565651EC7507791F85632B7B914DBFE130510">>},
 {<<"ssl_verify_fun">>, <<"354C321CF377240C7B8716899E182CE4890C5938111A1296ADD3EC74CF1715DF">>},
 {<<"tls_certificate_check">>, <<"01E0822A2EBB0B207C4964E8D32AD8B1B8CE1CAF58F446E53F816D06DB953DE4">>},
 {<<"zotonic_stdlib">>, <<"A5347F32735B124C9B9F620DADB12A9CF4B6A4FDCDFFEDFC099626A29E8083C3">>}]},
{pkg_hash_ext,[
 {<<"cowlib">>, <<"C4F89D33A61162D4CFDCB5A1AF7E562D80A700B2573CC71020CE6521B152DC1A">>},
 {<<"euneus">>, <<"200EEFCE320314831AD79D77F03B109BC035E0A282B6B71FBCD3A7982804184D">>},
 {<<"gproc">>, <<"70C6F8C91FA5974296CD87974949D8EAB953230414F31C4A623FF75131E0827A">>},
 {<<"jobs">>, <<"09D486146BD32897726BB1F63DD95D1EB7F6F5A4C21C38CA58AB1646E8229724">>},
 {<<"json_polyfill">>, <<"48C397EE2547FA459EDE01A30EC0E85717ABED3010867A63EEAAC5F203274303">>},
 {<<"jsxrecord">>, <<"7C8D6F6EE0E253EC6C8BC68825403089E7E22860111D5AA764FA793FF195AAD4">>},
 {<<"parse_trans">>, <<"F99E368830BEA44552224E37E04943A54874F08B8590485DE8D13832B63A2DC3">>},
 {<<"qdate_localtime">>, <<"A38D5F1C5AE14B22F471E442B262AECCAFB915B664C7C364443DC73179C50FDA">>},
 {<<"setup">>, <<"EFD072578F0CF85BEA96CAAFFC7ADB0992398272522660A136E10567377071C5">>},
 {<<"ssl_verify_fun">>, <<"FE4C190E8F37401D30167C8C405EDA19469F34577987C76DDE613E838BBC67F8">>},
 {<<"tls_certificate_check">>, <<"CAB9A7439E2DBFE91B38104F2D8A4B6D61DBC4D3A5AD59AC364713A88C6CFD9B">>},
 {<<"zotonic_stdlib">>, <<"9FA43716EA28FD968B5D2093966FBB52583FE11ABD723BE89AB1F7A7A2BADC87">>}]}
].
